
Microsoft Visual Studio Solution File, Format Version 12.00
# Visual Studio 15
VisualStudioVersion = 15.0.28010.2050
MinimumVisualStudioVersion = 10.0.40219.1
Project("{FAE04EC0-301F-11D3-BF4B-00C04F79EFBC}") = "VectorEditor", "VectorEditor\VectorEditor.csproj", "{1D0832D4-C949-4A9A-9581-981DE0038BB2}"
EndProject
Global
	GlobalSection(SolutionConfigurationPlatforms) = preSolution
		Debug|Any CPU = Debug|Any CPU
		Release|Any CPU = Release|Any CPU
	EndGlobalSection
	GlobalSection(ProjectConfigurationPlatforms) = postSolution
		{1D0832D4-C949-4A9A-9581-981DE0038BB2}.Debug|Any CPU.ActiveCfg = Debug|Any CPU
		{1D0832D4-C949-4A9A-9581-981DE0038BB2}.Debug|Any CPU.Build.0 = Debug|Any CPU
		{1D0832D4-C949-4A9A-9581-981DE0038BB2}.Release|Any CPU.ActiveCfg = Release|Any CPU
		{1D0832D4-C949-4A9A-9581-981DE0038BB2}.Release|Any CPU.Build.0 = Release|Any CPU
	EndGlobalSection
	GlobalSection(SolutionProperties) = preSolution
		HideSolutionNode = FALSE
	EndGlobalSection
	GlobalSection(ExtensibilityGlobals) = postSolution
		SolutionGuid = {2CC78E3B-C080-49FA-8DE8-F3B38593D6B2}
	EndGlobalSection
EndGlobal
